// !$*UTF8*$!
{
	archiveVersion = 1;
	classes = {
	};
	objectVersion = 56;
	objects = {

/* Begin PBXBuildFile section */
		24A0A0BD296702FF00F15B80 /* DeviceManagementCollectionViewCell.swift in Sources */ = {isa = PBXBuildFile; fileRef = 24A0A0BC296702FF00F15B80 /* DeviceManagementCollectionViewCell.swift */; };
		24DFB38329581B28004C754F /* AppDelegate.swift in Sources */ = {isa = PBXBuildFile; fileRef = 24DFB38229581B28004C754F /* AppDelegate.swift */; };
		24DFB38529581B28004C754F /* SceneDelegate.swift in Sources */ = {isa = PBXBuildFile; fileRef = 24DFB38429581B28004C754F /* SceneDelegate.swift */; };
		24DFB38C29581B28004C754F /* Assets.xcassets in Resources */ = {isa = PBXBuildFile; fileRef = 24DFB38B29581B28004C754F /* Assets.xcassets */; };
		24DFB38F29581B28004C754F /* LaunchScreen.storyboard in Resources */ = {isa = PBXBuildFile; fileRef = 24DFB38D29581B28004C754F /* LaunchScreen.storyboard */; };
		24DFB39A29581B29004C754F /* DeviceManagerTests.swift in Sources */ = {isa = PBXBuildFile; fileRef = 24DFB39929581B29004C754F /* DeviceManagerTests.swift */; };
		24DFB3A429581B29004C754F /* DeviceManagerUITests.swift in Sources */ = {isa = PBXBuildFile; fileRef = 24DFB3A329581B29004C754F /* DeviceManagerUITests.swift */; };
		24DFB3A629581B29004C754F /* DeviceManagerUITestsLaunchTests.swift in Sources */ = {isa = PBXBuildFile; fileRef = 24DFB3A529581B29004C754F /* DeviceManagerUITestsLaunchTests.swift */; };
		24DFB3F029581DE9004C754F /* RxCocoa in Frameworks */ = {isa = PBXBuildFile; productRef = 24DFB3EF29581DE9004C754F /* RxCocoa */; };
		24DFB3F229581DE9004C754F /* RxRelay in Frameworks */ = {isa = PBXBuildFile; productRef = 24DFB3F129581DE9004C754F /* RxRelay */; };
		24DFB3F429581DE9004C754F /* RxSwift in Frameworks */ = {isa = PBXBuildFile; productRef = 24DFB3F329581DE9004C754F /* RxSwift */; };
		24DFB3F729581EB4004C754F /* TopTabbarController.swift in Sources */ = {isa = PBXBuildFile; fileRef = 24DFB3F629581EB4004C754F /* TopTabbarController.swift */; };
		24DFB3F929581F1B004C754F /* ManageiOSDeviceViewController.swift in Sources */ = {isa = PBXBuildFile; fileRef = 24DFB3F829581F1B004C754F /* ManageiOSDeviceViewController.swift */; };
		24DFB3FB29581F2F004C754F /* ManageAndroidDeviceViewController.swift in Sources */ = {isa = PBXBuildFile; fileRef = 24DFB3FA29581F2F004C754F /* ManageAndroidDeviceViewController.swift */; };
		24DFB3FF29582244004C754F /* ManageiOSDeviceViewController.xib in Resources */ = {isa = PBXBuildFile; fileRef = 24DFB3FE29582244004C754F /* ManageiOSDeviceViewController.xib */; };
		24DFB4012958225B004C754F /* ManageAndroidDeviceViewController.xib in Resources */ = {isa = PBXBuildFile; fileRef = 24DFB4002958225B004C754F /* ManageAndroidDeviceViewController.xib */; };
		24DFB40D29641A88004C754F /* DeviceManagementCollectionViewCell.xib in Resources */ = {isa = PBXBuildFile; fileRef = 24DFB40C29641A88004C754F /* DeviceManagementCollectionViewCell.xib */; };
		24E15F42296959BE005EE1AA /* ManageiOSDeviceViewModel.swift in Sources */ = {isa = PBXBuildFile; fileRef = 24E15F41296959BE005EE1AA /* ManageiOSDeviceViewModel.swift */; };
		24E15F4529698F52005EE1AA /* DeviceDataEntity.swift in Sources */ = {isa = PBXBuildFile; fileRef = 24E15F4429698F52005EE1AA /* DeviceDataEntity.swift */; };
/* End PBXBuildFile section */

/* Begin PBXContainerItemProxy section */
		24DFB39629581B29004C754F /* PBXContainerItemProxy */ = {
			isa = PBXContainerItemProxy;
			containerPortal = 24DFB37729581B28004C754F /* Project object */;
			proxyType = 1;
			remoteGlobalIDString = 24DFB37E29581B28004C754F;
			remoteInfo = DeviceManager;
		};
		24DFB3A029581B29004C754F /* PBXContainerItemProxy */ = {
			isa = PBXContainerItemProxy;
			containerPortal = 24DFB37729581B28004C754F /* Project object */;
			proxyType = 1;
			remoteGlobalIDString = 24DFB37E29581B28004C754F;
			remoteInfo = DeviceManager;
		};
/* End PBXContainerItemProxy section */

/* Begin PBXFileReference section */
		24A0A0BC296702FF00F15B80 /* DeviceManagementCollectionViewCell.swift */ = {isa = PBXFileReference; lastKnownFileType = sourcecode.swift; path = DeviceManagementCollectionViewCell.swift; sourceTree = "<group>"; };
		24DFB37F29581B28004C754F /* DeviceManager.app */ = {isa = PBXFileReference; explicitFileType = wrapper.application; includeInIndex = 0; path = DeviceManager.app; sourceTree = BUILT_PRODUCTS_DIR; };
		24DFB38229581B28004C754F /* AppDelegate.swift */ = {isa = PBXFileReference; lastKnownFileType = sourcecode.swift; path = AppDelegate.swift; sourceTree = "<group>"; };
		24DFB38429581B28004C754F /* SceneDelegate.swift */ = {isa = PBXFileReference; lastKnownFileType = sourcecode.swift; path = SceneDelegate.swift; sourceTree = "<group>"; };
		24DFB38B29581B28004C754F /* Assets.xcassets */ = {isa = PBXFileReference; lastKnownFileType = folder.assetcatalog; path = Assets.xcassets; sourceTree = "<group>"; };
		24DFB38E29581B28004C754F /* Base */ = {isa = PBXFileReference; lastKnownFileType = file.storyboard; name = Base; path = Base.lproj/LaunchScreen.storyboard; sourceTree = "<group>"; };
		24DFB39029581B28004C754F /* Info.plist */ = {isa = PBXFileReference; lastKnownFileType = text.plist.xml; path = Info.plist; sourceTree = "<group>"; };
		24DFB39529581B29004C754F /* DeviceManagerTests.xctest */ = {isa = PBXFileReference; explicitFileType = wrapper.cfbundle; includeInIndex = 0; path = DeviceManagerTests.xctest; sourceTree = BUILT_PRODUCTS_DIR; };
		24DFB39929581B29004C754F /* DeviceManagerTests.swift */ = {isa = PBXFileReference; lastKnownFileType = sourcecode.swift; path = DeviceManagerTests.swift; sourceTree = "<group>"; };
		24DFB39F29581B29004C754F /* DeviceManagerUITests.xctest */ = {isa = PBXFileReference; explicitFileType = wrapper.cfbundle; includeInIndex = 0; path = DeviceManagerUITests.xctest; sourceTree = BUILT_PRODUCTS_DIR; };
		24DFB3A329581B29004C754F /* DeviceManagerUITests.swift */ = {isa = PBXFileReference; lastKnownFileType = sourcecode.swift; path = DeviceManagerUITests.swift; sourceTree = "<group>"; };
		24DFB3A529581B29004C754F /* DeviceManagerUITestsLaunchTests.swift */ = {isa = PBXFileReference; lastKnownFileType = sourcecode.swift; path = DeviceManagerUITestsLaunchTests.swift; sourceTree = "<group>"; };
		24DFB3F629581EB4004C754F /* TopTabbarController.swift */ = {isa = PBXFileReference; lastKnownFileType = sourcecode.swift; path = TopTabbarController.swift; sourceTree = "<group>"; };
		24DFB3F829581F1B004C754F /* ManageiOSDeviceViewController.swift */ = {isa = PBXFileReference; lastKnownFileType = sourcecode.swift; path = ManageiOSDeviceViewController.swift; sourceTree = "<group>"; };
		24DFB3FA29581F2F004C754F /* ManageAndroidDeviceViewController.swift */ = {isa = PBXFileReference; lastKnownFileType = sourcecode.swift; path = ManageAndroidDeviceViewController.swift; sourceTree = "<group>"; };
		24DFB3FE29582244004C754F /* ManageiOSDeviceViewController.xib */ = {isa = PBXFileReference; lastKnownFileType = file.xib; path = ManageiOSDeviceViewController.xib; sourceTree = "<group>"; };
		24DFB4002958225B004C754F /* ManageAndroidDeviceViewController.xib */ = {isa = PBXFileReference; lastKnownFileType = file.xib; path = ManageAndroidDeviceViewController.xib; sourceTree = "<group>"; };
		24DFB40C29641A88004C754F /* DeviceManagementCollectionViewCell.xib */ = {isa = PBXFileReference; lastKnownFileType = file.xib; path = DeviceManagementCollectionViewCell.xib; sourceTree = "<group>"; };
		24E15F41296959BE005EE1AA /* ManageiOSDeviceViewModel.swift */ = {isa = PBXFileReference; lastKnownFileType = sourcecode.swift; path = ManageiOSDeviceViewModel.swift; sourceTree = "<group>"; };
		24E15F4429698F52005EE1AA /* DeviceDataEntity.swift */ = {isa = PBXFileReference; lastKnownFileType = sourcecode.swift; path = DeviceDataEntity.swift; sourceTree = "<group>"; };
/* End PBXFileReference section */

/* Begin PBXFrameworksBuildPhase section */
		24DFB37C29581B28004C754F /* Frameworks */ = {
			isa = PBXFrameworksBuildPhase;
			buildActionMask = 2147483647;
			files = (
				24DFB3F429581DE9004C754F /* RxSwift in Frameworks */,
				24DFB3F229581DE9004C754F /* RxRelay in Frameworks */,
				24DFB3F029581DE9004C754F /* RxCocoa in Frameworks */,
			);
			runOnlyForDeploymentPostprocessing = 0;
		};
		24DFB39229581B29004C754F /* Frameworks */ = {
			isa = PBXFrameworksBuildPhase;
			buildActionMask = 2147483647;
			files = (
			);
			runOnlyForDeploymentPostprocessing = 0;
		};
		24DFB39C29581B29004C754F /* Frameworks */ = {
			isa = PBXFrameworksBuildPhase;
			buildActionMask = 2147483647;
			files = (
			);
			runOnlyForDeploymentPostprocessing = 0;
		};
/* End PBXFrameworksBuildPhase section */

/* Begin PBXGroup section */
		24A0A0BB2967029500F15B80 /* Common */ = {
			isa = PBXGroup;
			children = (
				24DFB40A29641A48004C754F /* Cell */,
			);
			path = Common;
			sourceTree = "<group>";
		};
		24A0A0BE296703E500F15B80 /* Controller */ = {
			isa = PBXGroup;
			children = (
				24DFB3FA29581F2F004C754F /* ManageAndroidDeviceViewController.swift */,
				24DFB4002958225B004C754F /* ManageAndroidDeviceViewController.xib */,
			);
			path = Controller;
			sourceTree = "<group>";
		};
		24DFB37629581B28004C754F = {
			isa = PBXGroup;
			children = (
				24DFB38129581B28004C754F /* DeviceManager */,
				24DFB39829581B29004C754F /* DeviceManagerTests */,
				24DFB3A229581B29004C754F /* DeviceManagerUITests */,
				24DFB38029581B28004C754F /* Products */,
			);
			sourceTree = "<group>";
		};
		24DFB38029581B28004C754F /* Products */ = {
			isa = PBXGroup;
			children = (
				24DFB37F29581B28004C754F /* DeviceManager.app */,
				24DFB39529581B29004C754F /* DeviceManagerTests.xctest */,
				24DFB39F29581B29004C754F /* DeviceManagerUITests.xctest */,
			);
			name = Products;
			sourceTree = "<group>";
		};
		24DFB38129581B28004C754F /* DeviceManager */ = {
			isa = PBXGroup;
			children = (
				24DFB40729641089004C754F /* Domain */,
				24DFB40629641074004C754F /* Data */,
				24DFB40229640FB3004C754F /* Presentation */,
				24DFB38229581B28004C754F /* AppDelegate.swift */,
				24DFB38429581B28004C754F /* SceneDelegate.swift */,
				24DFB38B29581B28004C754F /* Assets.xcassets */,
				24DFB38D29581B28004C754F /* LaunchScreen.storyboard */,
				24DFB39029581B28004C754F /* Info.plist */,
			);
			path = DeviceManager;
			sourceTree = "<group>";
		};
		24DFB39829581B29004C754F /* DeviceManagerTests */ = {
			isa = PBXGroup;
			children = (
				24DFB39929581B29004C754F /* DeviceManagerTests.swift */,
			);
			path = DeviceManagerTests;
			sourceTree = "<group>";
		};
		24DFB3A229581B29004C754F /* DeviceManagerUITests */ = {
			isa = PBXGroup;
			children = (
				24DFB3A329581B29004C754F /* DeviceManagerUITests.swift */,
				24DFB3A529581B29004C754F /* DeviceManagerUITestsLaunchTests.swift */,
			);
			path = DeviceManagerUITests;
			sourceTree = "<group>";
		};
		24DFB3F529581E9E004C754F /* Tab */ = {
			isa = PBXGroup;
			children = (
				24DFB3F629581EB4004C754F /* TopTabbarController.swift */,
			);
			path = Tab;
			sourceTree = "<group>";
		};
		24DFB3FC29582224004C754F /* iOSDeviceManagement */ = {
			isa = PBXGroup;
			children = (
				24DFB40929641797004C754F /* ViewModel */,
				24DFB40529640FFF004C754F /* View */,
			);
			path = iOSDeviceManagement;
			sourceTree = "<group>";
		};
		24DFB3FD2958222D004C754F /* AndroidDeviceManagement */ = {
			isa = PBXGroup;
			children = (
				24DFB4082964178D004C754F /* ViewModel */,
				24DFB40429640FF3004C754F /* View */,
			);
			path = AndroidDeviceManagement;
			sourceTree = "<group>";
		};
		24DFB40229640FB3004C754F /* Presentation */ = {
			isa = PBXGroup;
			children = (
				24A0A0BB2967029500F15B80 /* Common */,
				24DFB3F529581E9E004C754F /* Tab */,
				24DFB3FD2958222D004C754F /* AndroidDeviceManagement */,
				24DFB3FC29582224004C754F /* iOSDeviceManagement */,
			);
			path = Presentation;
			sourceTree = "<group>";
		};
		24DFB40429640FF3004C754F /* View */ = {
			isa = PBXGroup;
			children = (
				24A0A0BE296703E500F15B80 /* Controller */,
			);
			path = View;
			sourceTree = "<group>";
		};
		24DFB40529640FFF004C754F /* View */ = {
			isa = PBXGroup;
			children = (
				24DFB40B29641A4E004C754F /* Controller */,
			);
			path = View;
			sourceTree = "<group>";
		};
		24DFB40629641074004C754F /* Data */ = {
			isa = PBXGroup;
			children = (
				24E15F4329698F34005EE1AA /* Entity */,
			);
			path = Data;
			sourceTree = "<group>";
		};
		24DFB40729641089004C754F /* Domain */ = {
			isa = PBXGroup;
			children = (
			);
			path = Domain;
			sourceTree = "<group>";
		};
		24DFB4082964178D004C754F /* ViewModel */ = {
			isa = PBXGroup;
			children = (
			);
			path = ViewModel;
			sourceTree = "<group>";
		};
		24DFB40929641797004C754F /* ViewModel */ = {
			isa = PBXGroup;
			children = (
				24E15F41296959BE005EE1AA /* ManageiOSDeviceViewModel.swift */,
			);
			path = ViewModel;
			sourceTree = "<group>";
		};
		24DFB40A29641A48004C754F /* Cell */ = {
			isa = PBXGroup;
			children = (
				24DFB40C29641A88004C754F /* DeviceManagementCollectionViewCell.xib */,
				24A0A0BC296702FF00F15B80 /* DeviceManagementCollectionViewCell.swift */,
			);
			path = Cell;
			sourceTree = "<group>";
		};
		24DFB40B29641A4E004C754F /* Controller */ = {
			isa = PBXGroup;
			children = (
				24DFB3F829581F1B004C754F /* ManageiOSDeviceViewController.swift */,
				24DFB3FE29582244004C754F /* ManageiOSDeviceViewController.xib */,
			);
			path = Controller;
			sourceTree = "<group>";
		};
		24E15F4329698F34005EE1AA /* Entity */ = {
			isa = PBXGroup;
			children = (
				24E15F4429698F52005EE1AA /* DeviceDataEntity.swift */,
			);
			path = Entity;
			sourceTree = "<group>";
		};
/* End PBXGroup section */

/* Begin PBXNativeTarget section */
		24DFB37E29581B28004C754F /* DeviceManager */ = {
			isa = PBXNativeTarget;
			buildConfigurationList = 24DFB3A929581B29004C754F /* Build configuration list for PBXNativeTarget "DeviceManager" */;
			buildPhases = (
				24DFB37B29581B28004C754F /* Sources */,
				24DFB37C29581B28004C754F /* Frameworks */,
				24DFB37D29581B28004C754F /* Resources */,
			);
			buildRules = (
			);
			dependencies = (
			);
			name = DeviceManager;
			packageProductDependencies = (
				24DFB3EF29581DE9004C754F /* RxCocoa */,
				24DFB3F129581DE9004C754F /* RxRelay */,
				24DFB3F329581DE9004C754F /* RxSwift */,
			);
			productName = DeviceManager;
			productReference = 24DFB37F29581B28004C754F /* DeviceManager.app */;
			productType = "com.apple.product-type.application";
		};
		24DFB39429581B29004C754F /* DeviceManagerTests */ = {
			isa = PBXNativeTarget;
			buildConfigurationList = 24DFB3AC29581B29004C754F /* Build configuration list for PBXNativeTarget "DeviceManagerTests" */;
			buildPhases = (
				24DFB39129581B29004C754F /* Sources */,
				24DFB39229581B29004C754F /* Frameworks */,
				24DFB39329581B29004C754F /* Resources */,
			);
			buildRules = (
			);
			dependencies = (
				24DFB39729581B29004C754F /* PBXTargetDependency */,
			);
			name = DeviceManagerTests;
			productName = DeviceManagerTests;
			productReference = 24DFB39529581B29004C754F /* DeviceManagerTests.xctest */;
			productType = "com.apple.product-type.bundle.unit-test";
		};
		24DFB39E29581B29004C754F /* DeviceManagerUITests */ = {
			isa = PBXNativeTarget;
			buildConfigurationList = 24DFB3AF29581B29004C754F /* Build configuration list for PBXNativeTarget "DeviceManagerUITests" */;
			buildPhases = (
				24DFB39B29581B29004C754F /* Sources */,
				24DFB39C29581B29004C754F /* Frameworks */,
				24DFB39D29581B29004C754F /* Resources */,
			);
			buildRules = (
			);
			dependencies = (
				24DFB3A129581B29004C754F /* PBXTargetDependency */,
			);
			name = DeviceManagerUITests;
			productName = DeviceManagerUITests;
			productReference = 24DFB39F29581B29004C754F /* DeviceManagerUITests.xctest */;
			productType = "com.apple.product-type.bundle.ui-testing";
		};
/* End PBXNativeTarget section */

/* Begin PBXProject section */
		24DFB37729581B28004C754F /* Project object */ = {
			isa = PBXProject;
			attributes = {
				BuildIndependentTargetsInParallel = 1;
				LastSwiftUpdateCheck = 1420;
				LastUpgradeCheck = 1420;
				TargetAttributes = {
					24DFB37E29581B28004C754F = {
						CreatedOnToolsVersion = 14.2;
					};
					24DFB39429581B29004C754F = {
						CreatedOnToolsVersion = 14.2;
						TestTargetID = 24DFB37E29581B28004C754F;
					};
					24DFB39E29581B29004C754F = {
						CreatedOnToolsVersion = 14.2;
						TestTargetID = 24DFB37E29581B28004C754F;
					};
				};
			};
			buildConfigurationList = 24DFB37A29581B28004C754F /* Build configuration list for PBXProject "DeviceManager" */;
			compatibilityVersion = "Xcode 14.0";
			developmentRegion = en;
			hasScannedForEncodings = 0;
			knownRegions = (
				en,
				Base,
			);
			mainGroup = 24DFB37629581B28004C754F;
			packageReferences = (
				24DFB3EE29581DE9004C754F /* XCRemoteSwiftPackageReference "RxSwift" */,
			);
			productRefGroup = 24DFB38029581B28004C754F /* Products */;
			projectDirPath = "";
			projectRoot = "";
			targets = (
				24DFB37E29581B28004C754F /* DeviceManager */,
				24DFB39429581B29004C754F /* DeviceManagerTests */,
				24DFB39E29581B29004C754F /* DeviceManagerUITests */,
			);
		};
/* End PBXProject section */

/* Begin PBXResourcesBuildPhase section */
		24DFB37D29581B28004C754F /* Resources */ = {
			isa = PBXResourcesBuildPhase;
			buildActionMask = 2147483647;
			files = (
				24DFB3FF29582244004C754F /* ManageiOSDeviceViewController.xib in Resources */,
				24DFB38F29581B28004C754F /* LaunchScreen.storyboard in Resources */,
				24DFB40D29641A88004C754F /* DeviceManagementCollectionViewCell.xib in Resources */,
				24DFB38C29581B28004C754F /* Assets.xcassets in Resources */,
				24DFB4012958225B004C754F /* ManageAndroidDeviceViewController.xib in Resources */,
			);
			runOnlyForDeploymentPostprocessing = 0;
		};
		24DFB39329581B29004C754F /* Resources */ = {
			isa = PBXResourcesBuildPhase;
			buildActionMask = 2147483647;
			files = (
			);
			runOnlyForDeploymentPostprocessing = 0;
		};
		24DFB39D29581B29004C754F /* Resources */ = {
			isa = PBXResourcesBuildPhase;
			buildActionMask = 2147483647;
			files = (
			);
			runOnlyForDeploymentPostprocessing = 0;
		};
/* End PBXResourcesBuildPhase section */

/* Begin PBXSourcesBuildPhase section */
		24DFB37B29581B28004C754F /* Sources */ = {
			isa = PBXSourcesBuildPhase;
			buildActionMask = 2147483647;
			files = (
				24E15F4529698F52005EE1AA /* DeviceDataEntity.swift in Sources */,
				24E15F42296959BE005EE1AA /* ManageiOSDeviceViewModel.swift in Sources */,
				24A0A0BD296702FF00F15B80 /* DeviceManagementCollectionViewCell.swift in Sources */,
				24DFB3FB29581F2F004C754F /* ManageAndroidDeviceViewController.swift in Sources */,
				24DFB38329581B28004C754F /* AppDelegate.swift in Sources */,
				24DFB3F929581F1B004C754F /* ManageiOSDeviceViewController.swift in Sources */,
				24DFB38529581B28004C754F /* SceneDelegate.swift in Sources */,
				24DFB3F729581EB4004C754F /* TopTabbarController.swift in Sources */,
			);
			runOnlyForDeploymentPostprocessing = 0;
		};
		24DFB39129581B29004C754F /* Sources */ = {
			isa = PBXSourcesBuildPhase;
			buildActionMask = 2147483647;
			files = (
				24DFB39A29581B29004C754F /* DeviceManagerTests.swift in Sources */,
			);
			runOnlyForDeploymentPostprocessing = 0;
		};
		24DFB39B29581B29004C754F /* Sources */ = {
			isa = PBXSourcesBuildPhase;
			buildActionMask = 2147483647;
			files = (
				24DFB3A629581B29004C754F /* DeviceManagerUITestsLaunchTests.swift in Sources */,
				24DFB3A429581B29004C754F /* DeviceManagerUITests.swift in Sources */,
			);
			runOnlyForDeploymentPostprocessing = 0;
		};
/* End PBXSourcesBuildPhase section */

/* Begin PBXTargetDependency section */
		24DFB39729581B29004C754F /* PBXTargetDependency */ = {
			isa = PBXTargetDependency;
			target = 24DFB37E29581B28004C754F /* DeviceManager */;
			targetProxy = 24DFB39629581B29004C754F /* PBXContainerItemProxy */;
		};
		24DFB3A129581B29004C754F /* PBXTargetDependency */ = {
			isa = PBXTargetDependency;
			target = 24DFB37E29581B28004C754F /* DeviceManager */;
			targetProxy = 24DFB3A029581B29004C754F /* PBXContainerItemProxy */;
		};
/* End PBXTargetDependency section */

/* Begin PBXVariantGroup section */
		24DFB38D29581B28004C754F /* LaunchScreen.storyboard */ = {
			isa = PBXVariantGroup;
			children = (
				24DFB38E29581B28004C754F /* Base */,
			);
			name = LaunchScreen.storyboard;
			sourceTree = "<group>";
		};
/* End PBXVariantGroup section */

/* Begin XCBuildConfiguration section */
		24DFB3A729581B29004C754F /* Debug */ = {
			isa = XCBuildConfiguration;
			buildSettings = {
				ALWAYS_SEARCH_USER_PATHS = NO;
				CLANG_ANALYZER_NONNULL = YES;
				CLANG_ANALYZER_NUMBER_OBJECT_CONVERSION = YES_AGGRESSIVE;
				CLANG_CXX_LANGUAGE_STANDARD = "gnu++20";
				CLANG_ENABLE_MODULES = YES;
				CLANG_ENABLE_OBJC_ARC = YES;
				CLANG_ENABLE_OBJC_WEAK = YES;
				CLANG_WARN_BLOCK_CAPTURE_AUTORELEASING = YES;
				CLANG_WARN_BOOL_CONVERSION = YES;
				CLANG_WARN_COMMA = YES;
				CLANG_WARN_CONSTANT_CONVERSION = YES;
				CLANG_WARN_DEPRECATED_OBJC_IMPLEMENTATIONS = YES;
				CLANG_WARN_DIRECT_OBJC_ISA_USAGE = YES_ERROR;
				CLANG_WARN_DOCUMENTATION_COMMENTS = YES;
				CLANG_WARN_EMPTY_BODY = YES;
				CLANG_WARN_ENUM_CONVERSION = YES;
				CLANG_WARN_INFINITE_RECURSION = YES;
				CLANG_WARN_INT_CONVERSION = YES;
				CLANG_WARN_NON_LITERAL_NULL_CONVERSION = YES;
				CLANG_WARN_OBJC_IMPLICIT_RETAIN_SELF = YES;
				CLANG_WARN_OBJC_LITERAL_CONVERSION = YES;
				CLANG_WARN_OBJC_ROOT_CLASS = YES_ERROR;
				CLANG_WARN_QUOTED_INCLUDE_IN_FRAMEWORK_HEADER = YES;
				CLANG_WARN_RANGE_LOOP_ANALYSIS = YES;
				CLANG_WARN_STRICT_PROTOTYPES = YES;
				CLANG_WARN_SUSPICIOUS_MOVE = YES;
				CLANG_WARN_UNGUARDED_AVAILABILITY = YES_AGGRESSIVE;
				CLANG_WARN_UNREACHABLE_CODE = YES;
				CLANG_WARN__DUPLICATE_METHOD_MATCH = YES;
				COPY_PHASE_STRIP = NO;
				DEBUG_INFORMATION_FORMAT = dwarf;
				ENABLE_STRICT_OBJC_MSGSEND = YES;
				ENABLE_TESTABILITY = YES;
				GCC_C_LANGUAGE_STANDARD = gnu11;
				GCC_DYNAMIC_NO_PIC = NO;
				GCC_NO_COMMON_BLOCKS = YES;
				GCC_OPTIMIZATION_LEVEL = 0;
				GCC_PREPROCESSOR_DEFINITIONS = (
					"DEBUG=1",
					"$(inherited)",
				);
				GCC_WARN_64_TO_32_BIT_CONVERSION = YES;
				GCC_WARN_ABOUT_RETURN_TYPE = YES_ERROR;
				GCC_WARN_UNDECLARED_SELECTOR = YES;
				GCC_WARN_UNINITIALIZED_AUTOS = YES_AGGRESSIVE;
				GCC_WARN_UNUSED_FUNCTION = YES;
				GCC_WARN_UNUSED_VARIABLE = YES;
				IPHONEOS_DEPLOYMENT_TARGET = 16.2;
				MTL_ENABLE_DEBUG_INFO = INCLUDE_SOURCE;
				MTL_FAST_MATH = YES;
				ONLY_ACTIVE_ARCH = YES;
				SDKROOT = iphoneos;
				SWIFT_ACTIVE_COMPILATION_CONDITIONS = DEBUG;
				SWIFT_OPTIMIZATION_LEVEL = "-Onone";
			};
			name = Debug;
		};
		24DFB3A829581B29004C754F /* Release */ = {
			isa = XCBuildConfiguration;
			buildSettings = {
				ALWAYS_SEARCH_USER_PATHS = NO;
				CLANG_ANALYZER_NONNULL = YES;
				CLANG_ANALYZER_NUMBER_OBJECT_CONVERSION = YES_AGGRESSIVE;
				CLANG_CXX_LANGUAGE_STANDARD = "gnu++20";
				CLANG_ENABLE_MODULES = YES;
				CLANG_ENABLE_OBJC_ARC = YES;
				CLANG_ENABLE_OBJC_WEAK = YES;
				CLANG_WARN_BLOCK_CAPTURE_AUTORELEASING = YES;
				CLANG_WARN_BOOL_CONVERSION = YES;
				CLANG_WARN_COMMA = YES;
				CLANG_WARN_CONSTANT_CONVERSION = YES;
				CLANG_WARN_DEPRECATED_OBJC_IMPLEMENTATIONS = YES;
				CLANG_WARN_DIRECT_OBJC_ISA_USAGE = YES_ERROR;
				CLANG_WARN_DOCUMENTATION_COMMENTS = YES;
				CLANG_WARN_EMPTY_BODY = YES;
				CLANG_WARN_ENUM_CONVERSION = YES;
				CLANG_WARN_INFINITE_RECURSION = YES;
				CLANG_WARN_INT_CONVERSION = YES;
				CLANG_WARN_NON_LITERAL_NULL_CONVERSION = YES;
				CLANG_WARN_OBJC_IMPLICIT_RETAIN_SELF = YES;
				CLANG_WARN_OBJC_LITERAL_CONVERSION = YES;
				CLANG_WARN_OBJC_ROOT_CLASS = YES_ERROR;
				CLANG_WARN_QUOTED_INCLUDE_IN_FRAMEWORK_HEADER = YES;
				CLANG_WARN_RANGE_LOOP_ANALYSIS = YES;
				CLANG_WARN_STRICT_PROTOTYPES = YES;
				CLANG_WARN_SUSPICIOUS_MOVE = YES;
				CLANG_WARN_UNGUARDED_AVAILABILITY = YES_AGGRESSIVE;
				CLANG_WARN_UNREACHABLE_CODE = YES;
				CLANG_WARN__DUPLICATE_METHOD_MATCH = YES;
				COPY_PHASE_STRIP = NO;
				DEBUG_INFORMATION_FORMAT = "dwarf-with-dsym";
				ENABLE_NS_ASSERTIONS = NO;
				ENABLE_STRICT_OBJC_MSGSEND = YES;
				GCC_C_LANGUAGE_STANDARD = gnu11;
				GCC_NO_COMMON_BLOCKS = YES;
				GCC_WARN_64_TO_32_BIT_CONVERSION = YES;
				GCC_WARN_ABOUT_RETURN_TYPE = YES_ERROR;
				GCC_WARN_UNDECLARED_SELECTOR = YES;
				GCC_WARN_UNINITIALIZED_AUTOS = YES_AGGRESSIVE;
				GCC_WARN_UNUSED_FUNCTION = YES;
				GCC_WARN_UNUSED_VARIABLE = YES;
				IPHONEOS_DEPLOYMENT_TARGET = 16.2;
				MTL_ENABLE_DEBUG_INFO = NO;
				MTL_FAST_MATH = YES;
				SDKROOT = iphoneos;
				SWIFT_COMPILATION_MODE = wholemodule;
				SWIFT_OPTIMIZATION_LEVEL = "-O";
				VALIDATE_PRODUCT = YES;
			};
			name = Release;
		};
		24DFB3AA29581B29004C754F /* Debug */ = {
			isa = XCBuildConfiguration;
			buildSettings = {
				ASSETCATALOG_COMPILER_APPICON_NAME = AppIcon;
				ASSETCATALOG_COMPILER_GLOBAL_ACCENT_COLOR_NAME = AccentColor;
				CODE_SIGN_STYLE = Automatic;
				CURRENT_PROJECT_VERSION = 1;
				DEVELOPMENT_TEAM = P6K8M6RQ2W;
				GENERATE_INFOPLIST_FILE = YES;
				INFOPLIST_FILE = DeviceManager/Info.plist;
				INFOPLIST_KEY_UIApplicationSupportsIndirectInputEvents = YES;
				INFOPLIST_KEY_UILaunchStoryboardName = LaunchScreen;
				INFOPLIST_KEY_UISupportedInterfaceOrientations = UIInterfaceOrientationPortrait;
				INFOPLIST_KEY_UISupportedInterfaceOrientations_iPad = "UIInterfaceOrientationLandscapeLeft UIInterfaceOrientationLandscapeRight UIInterfaceOrientationPortrait UIInterfaceOrientationPortraitUpsideDown";
				IPHONEOS_DEPLOYMENT_TARGET = 15.0;
				LD_RUNPATH_SEARCH_PATHS = (
					"$(inherited)",
					"@executable_path/Frameworks",
				);
				MARKETING_VERSION = 1.0;
				PRODUCT_BUNDLE_IDENTIFIER = com.r.t.astronomy.DeviceManager;
				PRODUCT_NAME = "$(TARGET_NAME)";
				SUPPORTED_PLATFORMS = "iphoneos iphonesimulator";
				SUPPORTS_MACCATALYST = NO;
				SUPPORTS_MAC_DESIGNED_FOR_IPHONE_IPAD = NO;
				SWIFT_EMIT_LOC_STRINGS = YES;
				SWIFT_VERSION = 5.0;
				TARGETED_DEVICE_FAMILY = 1;
			};
			name = Debug;
		};
		24DFB3AB29581B29004C754F /* Release */ = {
			isa = XCBuildConfiguration;
			buildSettings = {
				ASSETCATALOG_COMPILER_APPICON_NAME = AppIcon;
				ASSETCATALOG_COMPILER_GLOBAL_ACCENT_COLOR_NAME = AccentColor;
				CODE_SIGN_STYLE = Automatic;
				CURRENT_PROJECT_VERSION = 1;
				DEVELOPMENT_TEAM = P6K8M6RQ2W;
				GENERATE_INFOPLIST_FILE = YES;
				INFOPLIST_FILE = DeviceManager/Info.plist;
				INFOPLIST_KEY_UIApplicationSupportsIndirectInputEvents = YES;
				INFOPLIST_KEY_UILaunchStoryboardName = LaunchScreen;
				INFOPLIST_KEY_UISupportedInterfaceOrientations = UIInterfaceOrientationPortrait;
				INFOPLIST_KEY_UISupportedInterfaceOrientations_iPad = "UIInterfaceOrientationLandscapeLeft UIInterfaceOrientationLandscapeRight UIInterfaceOrientationPortrait UIInterfaceOrientationPortraitUpsideDown";
				IPHONEOS_DEPLOYMENT_TARGET = 15.0;
				LD_RUNPATH_SEARCH_PATHS = (
					"$(inherited)",
					"@executable_path/Frameworks",
				);
				MARKETING_VERSION = 1.0;
				PRODUCT_BUNDLE_IDENTIFIER = com.r.t.astronomy.DeviceManager;
				PRODUCT_NAME = "$(TARGET_NAME)";
				SUPPORTED_PLATFORMS = "iphoneos iphonesimulator";
				SUPPORTS_MACCATALYST = NO;
				SUPPORTS_MAC_DESIGNED_FOR_IPHONE_IPAD = NO;
				SWIFT_EMIT_LOC_STRINGS = YES;
				SWIFT_VERSION = 5.0;
				TARGETED_DEVICE_FAMILY = 1;
			};
			name = Release;
		};
		24DFB3AD29581B29004C754F /* Debug */ = {
			isa = XCBuildConfiguration;
			buildSettings = {
				ALWAYS_EMBED_SWIFT_STANDARD_LIBRARIES = YES;
				BUNDLE_LOADER = "$(TEST_HOST)";
				CODE_SIGN_STYLE = Automatic;
				CURRENT_PROJECT_VERSION = 1;
				DEVELOPMENT_TEAM = P6K8M6RQ2W;
				GENERATE_INFOPLIST_FILE = YES;
				IPHONEOS_DEPLOYMENT_TARGET = 16.2;
				MARKETING_VERSION = 1.0;
				PRODUCT_BUNDLE_IDENTIFIER = com.r.t.astronomy.DeviceManagerTests;
				PRODUCT_NAME = "$(TARGET_NAME)";
				SWIFT_EMIT_LOC_STRINGS = NO;
				SWIFT_VERSION = 5.0;
				TARGETED_DEVICE_FAMILY = "1,2";
				TEST_HOST = "$(BUILT_PRODUCTS_DIR)/DeviceManager.app/$(BUNDLE_EXECUTABLE_FOLDER_PATH)/DeviceManager";
			};
			name = Debug;
		};
		24DFB3AE29581B29004C754F /* Release */ = {
			isa = XCBuildConfiguration;
			buildSettings = {
				ALWAYS_EMBED_SWIFT_STANDARD_LIBRARIES = YES;
				BUNDLE_LOADER = "$(TEST_HOST)";
				CODE_SIGN_STYLE = Automatic;
				CURRENT_PROJECT_VERSION = 1;
				DEVELOPMENT_TEAM = P6K8M6RQ2W;
				GENERATE_INFOPLIST_FILE = YES;
				IPHONEOS_DEPLOYMENT_TARGET = 16.2;
				MARKETING_VERSION = 1.0;
				PRODUCT_BUNDLE_IDENTIFIER = com.r.t.astronomy.DeviceManagerTests;
				PRODUCT_NAME = "$(TARGET_NAME)";
				SWIFT_EMIT_LOC_STRINGS = NO;
				SWIFT_VERSION = 5.0;
				TARGETED_DEVICE_FAMILY = "1,2";
				TEST_HOST = "$(BUILT_PRODUCTS_DIR)/DeviceManager.app/$(BUNDLE_EXECUTABLE_FOLDER_PATH)/DeviceManager";
			};
			name = Release;
		};
		24DFB3B029581B29004C754F /* Debug */ = {
			isa = XCBuildConfiguration;
			buildSettings = {
				ALWAYS_EMBED_SWIFT_STANDARD_LIBRARIES = YES;
				CODE_SIGN_STYLE = Automatic;
				CURRENT_PROJECT_VERSION = 1;
				DEVELOPMENT_TEAM = P6K8M6RQ2W;
				GENERATE_INFOPLIST_FILE = YES;
				MARKETING_VERSION = 1.0;
				PRODUCT_BUNDLE_IDENTIFIER = com.r.t.astronomy.DeviceManagerUITests;
				PRODUCT_NAME = "$(TARGET_NAME)";
				SWIFT_EMIT_LOC_STRINGS = NO;
				SWIFT_VERSION = 5.0;
				TARGETED_DEVICE_FAMILY = "1,2";
				TEST_TARGET_NAME = DeviceManager;
			};
			name = Debug;
		};
		24DFB3B129581B29004C754F /* Release */ = {
			isa = XCBuildConfiguration;
			buildSettings = {
				ALWAYS_EMBED_SWIFT_STANDARD_LIBRARIES = YES;
				CODE_SIGN_STYLE = Automatic;
				CURRENT_PROJECT_VERSION = 1;
				DEVELOPMENT_TEAM = P6K8M6RQ2W;
				GENERATE_INFOPLIST_FILE = YES;
				MARKETING_VERSION = 1.0;
				PRODUCT_BUNDLE_IDENTIFIER = com.r.t.astronomy.DeviceManagerUITests;
				PRODUCT_NAME = "$(TARGET_NAME)";
				SWIFT_EMIT_LOC_STRINGS = NO;
				SWIFT_VERSION = 5.0;
				TARGETED_DEVICE_FAMILY = "1,2";
				TEST_TARGET_NAME = DeviceManager;
			};
			name = Release;
		};
/* End XCBuildConfiguration section */

/* Begin XCConfigurationList section */
		24DFB37A29581B28004C754F /* Build configuration list for PBXProject "DeviceManager" */ = {
			isa = XCConfigurationList;
			buildConfigurations = (
				24DFB3A729581B29004C754F /* Debug */,
				24DFB3A829581B29004C754F /* Release */,
			);
			defaultConfigurationIsVisible = 0;
			defaultConfigurationName = Release;
		};
		24DFB3A929581B29004C754F /* Build configuration list for PBXNativeTarget "DeviceManager" */ = {
			isa = XCConfigurationList;
			buildConfigurations = (
				24DFB3AA29581B29004C754F /* Debug */,
				24DFB3AB29581B29004C754F /* Release */,
			);
			defaultConfigurationIsVisible = 0;
			defaultConfigurationName = Release;
		};
		24DFB3AC29581B29004C754F /* Build configuration list for PBXNativeTarget "DeviceManagerTests" */ = {
			isa = XCConfigurationList;
			buildConfigurations = (
				24DFB3AD29581B29004C754F /* Debug */,
				24DFB3AE29581B29004C754F /* Release */,
			);
			defaultConfigurationIsVisible = 0;
			defaultConfigurationName = Release;
		};
		24DFB3AF29581B29004C754F /* Build configuration list for PBXNativeTarget "DeviceManagerUITests" */ = {
			isa = XCConfigurationList;
			buildConfigurations = (
				24DFB3B029581B29004C754F /* Debug */,
				24DFB3B129581B29004C754F /* Release */,
			);
			defaultConfigurationIsVisible = 0;
			defaultConfigurationName = Release;
		};
/* End XCConfigurationList section */

/* Begin XCRemoteSwiftPackageReference section */
		24DFB3EE29581DE9004C754F /* XCRemoteSwiftPackageReference "RxSwift" */ = {
			isa = XCRemoteSwiftPackageReference;
			repositoryURL = "https://github.com/ReactiveX/RxSwift.git";
			requirement = {
				branch = main;
				kind = branch;
			};
		};
/* End XCRemoteSwiftPackageReference section */

/* Begin XCSwiftPackageProductDependency section */
		24DFB3EF29581DE9004C754F /* RxCocoa */ = {
			isa = XCSwiftPackageProductDependency;
			package = 24DFB3EE29581DE9004C754F /* XCRemoteSwiftPackageReference "RxSwift" */;
			productName = RxCocoa;
		};
		24DFB3F129581DE9004C754F /* RxRelay */ = {
			isa = XCSwiftPackageProductDependency;
			package = 24DFB3EE29581DE9004C754F /* XCRemoteSwiftPackageReference "RxSwift" */;
			productName = RxRelay;
		};
		24DFB3F329581DE9004C754F /* RxSwift */ = {
			isa = XCSwiftPackageProductDependency;
			package = 24DFB3EE29581DE9004C754F /* XCRemoteSwiftPackageReference "RxSwift" */;
			productName = RxSwift;
		};
/* End XCSwiftPackageProductDependency section */
	};
	rootObject = 24DFB37729581B28004C754F /* Project object */;
}
